// !$*UTF8*$!
{
	archiveVersion = 1;
	classes = {
	};
	objectVersion = 77;
	objects = {

/* Begin PBXBuildFile section */
		300000000000000000000001 /* BeyondTattooApp.swift in Sources */ = {isa = PBXBuildFile; fileRef = 100000000000000000000001 /* BeyondTattooApp.swift */; };
		300000000000000000000002 /* HealingView.swift in Sources */ = {isa = PBXBuildFile; fileRef = 100000000000000000000002 /* HealingView.swift */; };
		300000000000000000000003 /* LibraryView.swift in Sources */ = {isa = PBXBuildFile; fileRef = 100000000000000000000003 /* LibraryView.swift */; };
		300000000000000000000004 /* Models.swift in Sources */ = {isa = PBXBuildFile; fileRef = 100000000000000000000004 /* Models.swift */; };
		300000000000000000000005 /* ProfileView.swift in Sources */ = {isa = PBXBuildFile; fileRef = 100000000000000000000005 /* ProfileView.swift */; };
		300000000000000000000006 /* RootView.swift in Sources */ = {isa = PBXBuildFile; fileRef = 100000000000000000000006 /* RootView.swift */; };
		300000000000000000000007 /* StudiosView.swift in Sources */ = {isa = PBXBuildFile; fileRef = 100000000000000000000007 /* StudiosView.swift */; };
		300000000000000000000008 /* TattooStore.swift in Sources */ = {isa = PBXBuildFile; fileRef = 100000000000000000000008 /* TattooStore.swift */; };
		300000000000000000000009 /* TodayStencilView.swift in Sources */ = {isa = PBXBuildFile; fileRef = 100000000000000000000009 /* TodayStencilView.swift */; };
		300000000000000000000010 /* Assets.xcassets in Resources */ = {isa = PBXBuildFile; fileRef = 100000000000000000000010 /* Assets.xcassets */; };
		300000000000000000000011 /* BeyondTattooApp.swift in Sources */ = {isa = PBXBuildFile; fileRef = 100000000000000000000001 /* BeyondTattooApp.swift */; };
		300000000000000000000012 /* HealingView.swift in Sources */ = {isa = PBXBuildFile; fileRef = 100000000000000000000002 /* HealingView.swift */; };
		300000000000000000000013 /* LibraryView.swift in Sources */ = {isa = PBXBuildFile; fileRef = 100000000000000000000003 /* LibraryView.swift */; };
		300000000000000000000014 /* Models.swift in Sources */ = {isa = PBXBuildFile; fileRef = 100000000000000000000004 /* Models.swift */; };
		300000000000000000000015 /* ProfileView.swift in Sources */ = {isa = PBXBuildFile; fileRef = 100000000000000000000005 /* ProfileView.swift */; };
		300000000000000000000016 /* RootView.swift in Sources */ = {isa = PBXBuildFile; fileRef = 100000000000000000000006 /* RootView.swift */; };
		300000000000000000000017 /* StudiosView.swift in Sources */ = {isa = PBXBuildFile; fileRef = 100000000000000000000007 /* StudiosView.swift */; };
		300000000000000000000018 /* TattooStore.swift in Sources */ = {isa = PBXBuildFile; fileRef = 100000000000000000000008 /* TattooStore.swift */; };
		300000000000000000000019 /* TodayStencilView.swift in Sources */ = {isa = PBXBuildFile; fileRef = 100000000000000000000009 /* TodayStencilView.swift */; };
		300000000000000000000020 /* Assets.xcassets in Resources */ = {isa = PBXBuildFile; fileRef = 100000000000000000000010 /* Assets.xcassets */; };
		300000000000000000000021 /* BeyondTattooTests.swift in Sources */ = {isa = PBXBuildFile; fileRef = 100000000000000000000011 /* BeyondTattooTests.swift */; };
/* End PBXBuildFile section */

/* Begin PBXContainerItemProxy section */
		400000000000000000000001 /* PBXContainerItemProxy */ = {
			isa = PBXContainerItemProxy;
			containerPortal = 000000000000000000000001 /* Project object */;
			proxyType = 1;
			remoteGlobalIDString = 111111111111111111111111;
			remoteInfo = "BeyondTattoo-iOS";
		};
/* End PBXContainerItemProxy section */

/* Begin PBXFileReference section */
		100000000000000000000001 /* BeyondTattooApp.swift */ = {isa = PBXFileReference; lastKnownFileType = sourcecode.swift; path = BeyondTattooApp.swift; sourceTree = "<group>"; };
		100000000000000000000002 /* HealingView.swift */ = {isa = PBXFileReference; lastKnownFileType = sourcecode.swift; path = HealingView.swift; sourceTree = "<group>"; };
		100000000000000000000003 /* LibraryView.swift */ = {isa = PBXFileReference; lastKnownFileType = sourcecode.swift; path = LibraryView.swift; sourceTree = "<group>"; };
		100000000000000000000004 /* Models.swift */ = {isa = PBXFileReference; lastKnownFileType = sourcecode.swift; path = Models.swift; sourceTree = "<group>"; };
		100000000000000000000005 /* ProfileView.swift */ = {isa = PBXFileReference; lastKnownFileType = sourcecode.swift; path = ProfileView.swift; sourceTree = "<group>"; };
		100000000000000000000006 /* RootView.swift */ = {isa = PBXFileReference; lastKnownFileType = sourcecode.swift; path = RootView.swift; sourceTree = "<group>"; };
		100000000000000000000007 /* StudiosView.swift */ = {isa = PBXFileReference; lastKnownFileType = sourcecode.swift; path = StudiosView.swift; sourceTree = "<group>"; };
		100000000000000000000008 /* TattooStore.swift */ = {isa = PBXFileReference; lastKnownFileType = sourcecode.swift; path = TattooStore.swift; sourceTree = "<group>"; };
		100000000000000000000009 /* TodayStencilView.swift */ = {isa = PBXFileReference; lastKnownFileType = sourcecode.swift; path = TodayStencilView.swift; sourceTree = "<group>"; };
		100000000000000000000010 /* Assets.xcassets */ = {isa = PBXFileReference; lastKnownFileType = folder.assetcatalog; path = Assets.xcassets; sourceTree = "<group>"; };
		100000000000000000000011 /* BeyondTattooTests.swift */ = {isa = PBXFileReference; lastKnownFileType = sourcecode.swift; path = BeyondTattooTests.swift; sourceTree = "<group>"; };
		100000000000000000000012 /* BeyondTattoo.app */ = {isa = PBXFileReference; explicitFileType = wrapper.application; includeInIndex = 0; path = BeyondTattoo.app; sourceTree = BUILT_PRODUCTS_DIR; };
		100000000000000000000013 /* Beyond Tattoo.app */ = {isa = PBXFileReference; explicitFileType = wrapper.application; includeInIndex = 0; path = "Beyond Tattoo.app"; sourceTree = BUILT_PRODUCTS_DIR; };
		100000000000000000000014 /* BeyondTattooTests.xctest */ = {isa = PBXFileReference; explicitFileType = wrapper.cfbundle; includeInIndex = 0; path = BeyondTattooTests.xctest; sourceTree = BUILT_PRODUCTS_DIR; };
/* End PBXFileReference section */

/* Begin PBXFrameworksBuildPhase section */
		500000000000000000000001 /* Frameworks */ = {
			isa = PBXFrameworksBuildPhase;
			buildActionMask = 2147483647;
			files = (
			);
			runOnlyForDeploymentPostprocessing = 0;
		};
		500000000000000000000002 /* Frameworks */ = {
			isa = PBXFrameworksBuildPhase;
			buildActionMask = 2147483647;
			files = (
			);
			runOnlyForDeploymentPostprocessing = 0;
		};
		500000000000000000000003 /* Frameworks */ = {
			isa = PBXFrameworksBuildPhase;
			buildActionMask = 2147483647;
			files = (
			);
			runOnlyForDeploymentPostprocessing = 0;
		};
/* End PBXFrameworksBuildPhase section */

/* Begin PBXGroup section */
		200000000000000000000001 = {
			isa = PBXGroup;
			children = (
				200000000000000000000002 /* Sources */,
				200000000000000000000003 /* Resources */,
				200000000000000000000004 /* Tests */,
				200000000000000000000005 /* Products */,
			);
			sourceTree = "<group>";
		};
		200000000000000000000002 /* Sources */ = {
			isa = PBXGroup;
			children = (
				100000000000000000000001 /* BeyondTattooApp.swift */,
				100000000000000000000002 /* HealingView.swift */,
				100000000000000000000003 /* LibraryView.swift */,
				100000000000000000000004 /* Models.swift */,
				100000000000000000000005 /* ProfileView.swift */,
				100000000000000000000006 /* RootView.swift */,
				100000000000000000000007 /* StudiosView.swift */,
				100000000000000000000008 /* TattooStore.swift */,
				100000000000000000000009 /* TodayStencilView.swift */,
			);
			path = Sources;
			sourceTree = "<group>";
		};
		200000000000000000000003 /* Resources */ = {
			isa = PBXGroup;
			children = (
				100000000000000000000010 /* Assets.xcassets */,
			);
			path = Resources;
			sourceTree = "<group>";
		};
		200000000000000000000004 /* Tests */ = {
			isa = PBXGroup;
			children = (
				100000000000000000000011 /* BeyondTattooTests.swift */,
			);
			path = Tests;
			sourceTree = "<group>";
		};
		200000000000000000000005 /* Products */ = {
			isa = PBXGroup;
			children = (
				100000000000000000000012 /* BeyondTattoo.app */,
				100000000000000000000013 /* Beyond Tattoo.app */,
				100000000000000000000014 /* BeyondTattooTests.xctest */,
			);
			name = Products;
			sourceTree = "<group>";
		};
/* End PBXGroup section */

/* Begin PBXNativeTarget section */
		111111111111111111111111 /* BeyondTattoo-iOS */ = {
			isa = PBXNativeTarget;
			buildConfigurationList = 700000000000000000000001 /* Build configuration list for PBXNativeTarget "BeyondTattoo-iOS" */;
			buildPhases = (
				600000000000000000000001 /* Sources */,
				500000000000000000000001 /* Frameworks */,
				600000000000000000000002 /* Resources */,
			);
			buildRules = (
			);
			dependencies = (
			);
			name = "BeyondTattoo-iOS";
			packageProductDependencies = (
			);
			productName = BeyondTattoo;
			productReference = 100000000000000000000012 /* BeyondTattoo.app */;
			productType = "com.apple.product-type.application";
		};
		222222222222222222222222 /* BeyondTattoo-macOS */ = {
			isa = PBXNativeTarget;
			buildConfigurationList = 700000000000000000000002 /* Build configuration list for PBXNativeTarget "BeyondTattoo-macOS" */;
			buildPhases = (
				600000000000000000000003 /* Sources */,
				500000000000000000000002 /* Frameworks */,
				600000000000000000000004 /* Resources */,
			);
			buildRules = (
			);
			dependencies = (
			);
			name = "BeyondTattoo-macOS";
			packageProductDependencies = (
			);
			productName = "Beyond Tattoo";
			productReference = 100000000000000000000013 /* Beyond Tattoo.app */;
			productType = "com.apple.product-type.application";
		};
		333333333333333333333333 /* BeyondTattooTests */ = {
			isa = PBXNativeTarget;
			buildConfigurationList = 700000000000000000000003 /* Build configuration list for PBXNativeTarget "BeyondTattooTests" */;
			buildPhases = (
				600000000000000000000005 /* Sources */,
				500000000000000000000003 /* Frameworks */,
			);
			buildRules = (
			);
			dependencies = (
				400000000000000000000002 /* PBXTargetDependency */,
			);
			name = BeyondTattooTests;
			packageProductDependencies = (
			);
			productName = BeyondTattooTests;
			productReference = 100000000000000000000014 /* BeyondTattooTests.xctest */;
			productType = "com.apple.product-type.bundle.unit-test";
		};
/* End PBXNativeTarget section */

/* Begin PBXProject section */
		000000000000000000000001 /* Project object */ = {
			isa = PBXProject;
			attributes = {
				BuildIndependentTargetsInParallel = YES;
				LastUpgradeCheck = 2600;
				TargetAttributes = {
					222222222222222222222222 = {
						DevelopmentTeam = FK9QM3VUNH;
						ProvisioningStyle = Automatic;
					};
					333333333333333333333333 = {
						DevelopmentTeam = FK9QM3VUNH;
						ProvisioningStyle = Automatic;
					};
				};
			};
			buildConfigurationList = 700000000000000000000004 /* Build configuration list for PBXProject "BeyondTattoo" */;
			developmentRegion = en;
			hasScannedForEncodings = 0;
			knownRegions = (
				Base,
				en,
			);
			mainGroup = 200000000000000000000001;
			minimizedProjectReferenceProxies = 1;
			preferredProjectObjectVersion = 77;
			productRefGroup = 200000000000000000000005 /* Products */;
			projectDirPath = "";
			projectRoot = "";
			targets = (
				111111111111111111111111 /* BeyondTattoo-iOS */,
				222222222222222222222222 /* BeyondTattoo-macOS */,
				333333333333333333333333 /* BeyondTattooTests */,
			);
		};
/* End PBXProject section */

/* Begin PBXResourcesBuildPhase section */
		600000000000000000000002 /* Resources */ = {
			isa = PBXResourcesBuildPhase;
			buildActionMask = 2147483647;
			files = (
				300000000000000000000010 /* Assets.xcassets in Resources */,
			);
			runOnlyForDeploymentPostprocessing = 0;
		};
		600000000000000000000004 /* Resources */ = {
			isa = PBXResourcesBuildPhase;
			buildActionMask = 2147483647;
			files = (
				300000000000000000000020 /* Assets.xcassets in Resources */,
			);
			runOnlyForDeploymentPostprocessing = 0;
		};
/* End PBXResourcesBuildPhase section */

/* Begin PBXSourcesBuildPhase section */
		600000000000000000000001 /* Sources */ = {
			isa = PBXSourcesBuildPhase;
			buildActionMask = 2147483647;
			files = (
				300000000000000000000001 /* BeyondTattooApp.swift in Sources */,
				300000000000000000000002 /* HealingView.swift in Sources */,
				300000000000000000000003 /* LibraryView.swift in Sources */,
				300000000000000000000004 /* Models.swift in Sources */,
				300000000000000000000005 /* ProfileView.swift in Sources */,
				300000000000000000000006 /* RootView.swift in Sources */,
				300000000000000000000007 /* StudiosView.swift in Sources */,
				300000000000000000000008 /* TattooStore.swift in Sources */,
				300000000000000000000009 /* TodayStencilView.swift in Sources */,
			);
			runOnlyForDeploymentPostprocessing = 0;
		};
		600000000000000000000003 /* Sources */ = {
			isa = PBXSourcesBuildPhase;
			buildActionMask = 2147483647;
			files = (
				300000000000000000000011 /* BeyondTattooApp.swift in Sources */,
				300000000000000000000012 /* HealingView.swift in Sources */,
				300000000000000000000013 /* LibraryView.swift in Sources */,
				300000000000000000000014 /* Models.swift in Sources */,
				300000000000000000000015 /* ProfileView.swift in Sources */,
				300000000000000000000016 /* RootView.swift in Sources */,
				300000000000000000000017 /* StudiosView.swift in Sources */,
				300000000000000000000018 /* TattooStore.swift in Sources */,
				300000000000000000000019 /* TodayStencilView.swift in Sources */,
			);
			runOnlyForDeploymentPostprocessing = 0;
		};
		600000000000000000000005 /* Sources */ = {
			isa = PBXSourcesBuildPhase;
			buildActionMask = 2147483647;
			files = (
				300000000000000000000021 /* BeyondTattooTests.swift in Sources */,
			);
			runOnlyForDeploymentPostprocessing = 0;
		};
/* End PBXSourcesBuildPhase section */

/* Begin PBXTargetDependency section */
		400000000000000000000002 /* PBXTargetDependency */ = {
			isa = PBXTargetDependency;
			target = 111111111111111111111111 /* BeyondTattoo-iOS */;
			targetProxy = 400000000000000000000001 /* PBXContainerItemProxy */;
		};
/* End PBXTargetDependency section */

/* Begin XCBuildConfiguration section */
		800000000000000000000001 /* Debug */ = {
			isa = XCBuildConfiguration;
			buildSettings = {
				ASSETCATALOG_COMPILER_APPICON_NAME = AppIcon;
				ASSETCATALOG_COMPILER_GLOBAL_ACCENT_COLOR_NAME = AccentColor;
				"CODE_SIGN_IDENTITY[sdk=iphoneos*]" = "iPhone Distribution";
				CODE_SIGN_STYLE = Manual;
				DEVELOPMENT_TEAM = "";
				"DEVELOPMENT_TEAM[sdk=iphoneos*]" = FK9QM3VUNH;
				INFOPLIST_KEY_CFBundleDisplayName = "Beyond Tattoo";
				INFOPLIST_KEY_LSApplicationCategoryType = "public.app-category.lifestyle";
				INFOPLIST_KEY_UIApplicationSupportsIndirectInputEvents = YES;
				INFOPLIST_KEY_UILaunchScreen_Generation = YES;
				INFOPLIST_KEY_UIRequiresFullScreen = YES;
				INFOPLIST_KEY_UISupportedInterfaceOrientations = UIInterfaceOrientationPortrait;
				LD_RUNPATH_SEARCH_PATHS = (
					"$(inherited)",
					"@executable_path/Frameworks",
				);
				PRODUCT_BUNDLE_IDENTIFIER = technology.co.beyondimagination.beyondtattoo;
				PRODUCT_MODULE_NAME = BeyondTattoo;
				PRODUCT_NAME = BeyondTattoo;
				PROVISIONING_PROFILE_SPECIFIER = "";
				"PROVISIONING_PROFILE_SPECIFIER[sdk=iphoneos*]" = "Beyond Tattoo";
				SDKROOT = iphoneos;
				SUPPORTS_MACCATALYST = NO;
				TARGETED_DEVICE_FAMILY = "1,2";
			};
			name = Debug;
		};
		800000000000000000000002 /* Release */ = {
			isa = XCBuildConfiguration;
			buildSettings = {
				ASSETCATALOG_COMPILER_APPICON_NAME = AppIcon;
				ASSETCATALOG_COMPILER_GLOBAL_ACCENT_COLOR_NAME = AccentColor;
				"CODE_SIGN_IDENTITY[sdk=iphoneos*]" = "iPhone Distribution";
				CODE_SIGN_STYLE = Manual;
				DEVELOPMENT_TEAM = "";
				"DEVELOPMENT_TEAM[sdk=iphoneos*]" = FK9QM3VUNH;
				INFOPLIST_KEY_CFBundleDisplayName = "Beyond Tattoo";
				INFOPLIST_KEY_LSApplicationCategoryType = "public.app-category.lifestyle";
				INFOPLIST_KEY_UIApplicationSupportsIndirectInputEvents = YES;
				INFOPLIST_KEY_UILaunchScreen_Generation = YES;
				INFOPLIST_KEY_UIRequiresFullScreen = YES;
				INFOPLIST_KEY_UISupportedInterfaceOrientations = UIInterfaceOrientationPortrait;
				LD_RUNPATH_SEARCH_PATHS = (
					"$(inherited)",
					"@executable_path/Frameworks",
				);
				PRODUCT_BUNDLE_IDENTIFIER = technology.co.beyondimagination.beyondtattoo;
				PRODUCT_MODULE_NAME = BeyondTattoo;
				PRODUCT_NAME = BeyondTattoo;
				PROVISIONING_PROFILE_SPECIFIER = "";
				"PROVISIONING_PROFILE_SPECIFIER[sdk=iphoneos*]" = "Beyond Tattoo";
				SDKROOT = iphoneos;
				SUPPORTS_MACCATALYST = NO;
				TARGETED_DEVICE_FAMILY = "1,2";
			};
			name = Release;
		};
		800000000000000000000003 /* Debug */ = {
			isa = XCBuildConfiguration;
			buildSettings = {
				ASSETCATALOG_COMPILER_APPICON_NAME = AppIcon;
				ASSETCATALOG_COMPILER_GLOBAL_ACCENT_COLOR_NAME = AccentColor;
				CODE_SIGN_STYLE = Automatic;
				DEVELOPMENT_TEAM = FK9QM3VUNH;
				INFOPLIST_KEY_CFBundleDisplayName = "Beyond Tattoo";
				INFOPLIST_KEY_LSApplicationCategoryType = "public.app-category.lifestyle";
				LD_RUNPATH_SEARCH_PATHS = (
					"$(inherited)",
					"@executable_path/../Frameworks",
				);
				PRODUCT_BUNDLE_IDENTIFIER = technology.co.beyondimagination.beyondtattoo.mac;
				PRODUCT_MODULE_NAME = BeyondTattoo;
				PRODUCT_NAME = "Beyond Tattoo";
				SDKROOT = macosx;
			};
			name = Debug;
		};
		800000000000000000000004 /* Release */ = {
			isa = XCBuildConfiguration;
			buildSettings = {
				ASSETCATALOG_COMPILER_APPICON_NAME = AppIcon;
				ASSETCATALOG_COMPILER_GLOBAL_ACCENT_COLOR_NAME = AccentColor;
				CODE_SIGN_STYLE = Automatic;
				DEVELOPMENT_TEAM = FK9QM3VUNH;
				INFOPLIST_KEY_CFBundleDisplayName = "Beyond Tattoo";
				INFOPLIST_KEY_LSApplicationCategoryType = "public.app-category.lifestyle";
				LD_RUNPATH_SEARCH_PATHS = (
					"$(inherited)",
					"@executable_path/../Frameworks",
				);
				PRODUCT_BUNDLE_IDENTIFIER = technology.co.beyondimagination.beyondtattoo.mac;
				PRODUCT_MODULE_NAME = BeyondTattoo;
				PRODUCT_NAME = "Beyond Tattoo";
				SDKROOT = macosx;
			};
			name = Release;
		};
		800000000000000000000005 /* Debug */ = {
			isa = XCBuildConfiguration;
			buildSettings = {
				BUNDLE_LOADER = "$(TEST_HOST)";
				GENERATE_INFOPLIST_FILE = YES;
				LD_RUNPATH_SEARCH_PATHS = (
					"$(inherited)",
					"@executable_path/Frameworks",
					"@loader_path/Frameworks",
				);
				PRODUCT_BUNDLE_IDENTIFIER = technology.co.beyondimagination.beyondtattoo.tests;
				PRODUCT_MODULE_NAME = BeyondTattooTests;
				PRODUCT_NAME = BeyondTattooTests;
				SDKROOT = iphoneos;
				TARGETED_DEVICE_FAMILY = "1,2";
				TEST_HOST = "$(BUILT_PRODUCTS_DIR)/BeyondTattoo.app/BeyondTattoo";
			};
			name = Debug;
		};
		800000000000000000000006 /* Release */ = {
			isa = XCBuildConfiguration;
			buildSettings = {
				BUNDLE_LOADER = "$(TEST_HOST)";
				GENERATE_INFOPLIST_FILE = YES;
				LD_RUNPATH_SEARCH_PATHS = (
					"$(inherited)",
					"@executable_path/Frameworks",
					"@loader_path/Frameworks",
				);
				PRODUCT_BUNDLE_IDENTIFIER = technology.co.beyondimagination.beyondtattoo.tests;
				PRODUCT_MODULE_NAME = BeyondTattooTests;
				PRODUCT_NAME = BeyondTattooTests;
				SDKROOT = iphoneos;
				TARGETED_DEVICE_FAMILY = "1,2";
				TEST_HOST = "$(BUILT_PRODUCTS_DIR)/BeyondTattoo.app/BeyondTattoo";
			};
			name = Release;
		};
		800000000000000000000007 /* Debug */ = {
			isa = XCBuildConfiguration;
			buildSettings = {
				ALWAYS_SEARCH_USER_PATHS = NO;
				CLANG_ANALYZER_NONNULL = YES;
				CLANG_ANALYZER_NUMBER_OBJECT_CONVERSION = YES_AGGRESSIVE;
				CLANG_CXX_LANGUAGE_STANDARD = "gnu++14";
				CLANG_CXX_LIBRARY = "libc++";
				CLANG_ENABLE_MODULES = YES;
				CLANG_ENABLE_OBJC_ARC = YES;
				CLANG_ENABLE_OBJC_WEAK = YES;
				CLANG_WARN_BLOCK_CAPTURE_AUTORELEASING = YES;
				CLANG_WARN_BOOL_CONVERSION = YES;
				CLANG_WARN_COMMA = YES;
				CLANG_WARN_CONSTANT_CONVERSION = YES;
				CLANG_WARN_DEPRECATED_OBJC_IMPLEMENTATIONS = YES;
				CLANG_WARN_DIRECT_OBJC_ISA_USAGE = YES_ERROR;
				CLANG_WARN_DOCUMENTATION_COMMENTS = YES;
				CLANG_WARN_EMPTY_BODY = YES;
				CLANG_WARN_ENUM_CONVERSION = YES;
				CLANG_WARN_INFINITE_RECURSION = YES;
				CLANG_WARN_INT_CONVERSION = YES;
				CLANG_WARN_NON_LITERAL_NULL_CONVERSION = YES;
				CLANG_WARN_OBJC_IMPLICIT_RETAIN_SELF = YES;
				CLANG_WARN_OBJC_LITERAL_CONVERSION = YES;
				CLANG_WARN_OBJC_ROOT_CLASS = YES_ERROR;
				CLANG_WARN_QUOTED_INCLUDE_IN_FRAMEWORK_HEADER = YES;
				CLANG_WARN_RANGE_LOOP_ANALYSIS = YES;
				CLANG_WARN_STRICT_PROTOTYPES = YES;
				CLANG_WARN_SUSPICIOUS_MOVE = YES;
				CLANG_WARN_UNGUARDED_AVAILABILITY = YES_AGGRESSIVE;
				CLANG_WARN_UNREACHABLE_CODE = YES;
				CLANG_WARN__DUPLICATE_METHOD_MATCH = YES;
				CODE_SIGN_STYLE = Automatic;
				COPY_PHASE_STRIP = NO;
				CURRENT_PROJECT_VERSION = 1;
				DEBUG_INFORMATION_FORMAT = dwarf;
				DEVELOPMENT_TEAM = FK9QM3VUNH;
				ENABLE_STRICT_OBJC_MSGSEND = YES;
				ENABLE_TESTABILITY = YES;
				ENABLE_USER_SCRIPT_SANDBOXING = YES;
				GCC_C_LANGUAGE_STANDARD = gnu11;
				GCC_DYNAMIC_NO_PIC = NO;
				GCC_NO_COMMON_BLOCKS = YES;
				GCC_OPTIMIZATION_LEVEL = 0;
				GCC_PREPROCESSOR_DEFINITIONS = (
					"$(inherited)",
					"DEBUG=1",
				);
				GCC_WARN_64_TO_32_BIT_CONVERSION = YES;
				GCC_WARN_ABOUT_RETURN_TYPE = YES_ERROR;
				GCC_WARN_UNDECLARED_SELECTOR = YES;
				GCC_WARN_UNINITIALIZED_AUTOS = YES_AGGRESSIVE;
				GCC_WARN_UNUSED_FUNCTION = YES;
				GCC_WARN_UNUSED_VARIABLE = YES;
				GENERATE_INFOPLIST_FILE = YES;
				IPHONEOS_DEPLOYMENT_TARGET = 17.0;
				MACOSX_DEPLOYMENT_TARGET = 14.0;
				MARKETING_VERSION = 1.0.0;
				MTL_ENABLE_DEBUG_INFO = INCLUDE_SOURCE;
				MTL_FAST_MATH = YES;
				PRODUCT_NAME = "$(TARGET_NAME)";
				SWIFT_ACTIVE_COMPILATION_CONDITIONS = DEBUG;
				SWIFT_OPTIMIZATION_LEVEL = "-Onone";
				SWIFT_VERSION = 6.0;
			};
			name = Debug;
		};
		800000000000000000000008 /* Release */ = {
			isa = XCBuildConfiguration;
			buildSettings = {
				ALWAYS_SEARCH_USER_PATHS = NO;
				CLANG_ANALYZER_NONNULL = YES;
				CLANG_ANALYZER_NUMBER_OBJECT_CONVERSION = YES_AGGRESSIVE;
				CLANG_CXX_LANGUAGE_STANDARD = "gnu++14";
				CLANG_CXX_LIBRARY = "libc++";
				CLANG_ENABLE_MODULES = YES;
				CLANG_ENABLE_OBJC_ARC = YES;
				CLANG_ENABLE_OBJC_WEAK = YES;
				CLANG_WARN_BLOCK_CAPTURE_AUTORELEASING = YES;
				CLANG_WARN_BOOL_CONVERSION = YES;
				CLANG_WARN_COMMA = YES;
				CLANG_WARN_CONSTANT_CONVERSION = YES;
				CLANG_WARN_DEPRECATED_OBJC_IMPLEMENTATIONS = YES;
				CLANG_WARN_DIRECT_OBJC_ISA_USAGE = YES_ERROR;
				CLANG_WARN_DOCUMENTATION_COMMENTS = YES;
				CLANG_WARN_EMPTY_BODY = YES;
				CLANG_WARN_ENUM_CONVERSION = YES;
				CLANG_WARN_INFINITE_RECURSION = YES;
				CLANG_WARN_INT_CONVERSION = YES;
				CLANG_WARN_NON_LITERAL_NULL_CONVERSION = YES;
				CLANG_WARN_OBJC_IMPLICIT_RETAIN_SELF = YES;
				CLANG_WARN_OBJC_LITERAL_CONVERSION = YES;
				CLANG_WARN_OBJC_ROOT_CLASS = YES_ERROR;
				CLANG_WARN_QUOTED_INCLUDE_IN_FRAMEWORK_HEADER = YES;
				CLANG_WARN_RANGE_LOOP_ANALYSIS = YES;
				CLANG_WARN_STRICT_PROTOTYPES = YES;
				CLANG_WARN_SUSPICIOUS_MOVE = YES;
				CLANG_WARN_UNGUARDED_AVAILABILITY = YES_AGGRESSIVE;
				CLANG_WARN_UNREACHABLE_CODE = YES;
				CLANG_WARN__DUPLICATE_METHOD_MATCH = YES;
				CODE_SIGN_STYLE = Automatic;
				COPY_PHASE_STRIP = NO;
				CURRENT_PROJECT_VERSION = 1;
				DEBUG_INFORMATION_FORMAT = "dwarf-with-dsym";
				DEVELOPMENT_TEAM = FK9QM3VUNH;
				ENABLE_NS_ASSERTIONS = NO;
				ENABLE_STRICT_OBJC_MSGSEND = YES;
				ENABLE_USER_SCRIPT_SANDBOXING = YES;
				GCC_C_LANGUAGE_STANDARD = gnu11;
				GCC_NO_COMMON_BLOCKS = YES;
				GCC_WARN_64_TO_32_BIT_CONVERSION = YES;
				GCC_WARN_ABOUT_RETURN_TYPE = YES_ERROR;
				GCC_WARN_UNDECLARED_SELECTOR = YES;
				GCC_WARN_UNINITIALIZED_AUTOS = YES_AGGRESSIVE;
				GCC_WARN_UNUSED_FUNCTION = YES;
				GCC_WARN_UNUSED_VARIABLE = YES;
				GENERATE_INFOPLIST_FILE = YES;
				IPHONEOS_DEPLOYMENT_TARGET = 17.0;
				MACOSX_DEPLOYMENT_TARGET = 14.0;
				MARKETING_VERSION = 1.0.0;
				MTL_ENABLE_DEBUG_INFO = NO;
				MTL_FAST_MATH = YES;
				PRODUCT_NAME = "$(TARGET_NAME)";
				SWIFT_COMPILATION_MODE = wholemodule;
				SWIFT_OPTIMIZATION_LEVEL = "-O";
				SWIFT_VERSION = 6.0;
			};
			name = Release;
		};
/* End XCBuildConfiguration section */

/* Begin XCConfigurationList section */
		700000000000000000000001 /* Build configuration list for PBXNativeTarget "BeyondTattoo-iOS" */ = {
			isa = XCConfigurationList;
			buildConfigurations = (
				800000000000000000000001 /* Debug */,
				800000000000000000000002 /* Release */,
			);
			defaultConfigurationIsVisible = 0;
			defaultConfigurationName = Debug;
		};
		700000000000000000000002 /* Build configuration list for PBXNativeTarget "BeyondTattoo-macOS" */ = {
			isa = XCConfigurationList;
			buildConfigurations = (
				800000000000000000000003 /* Debug */,
				800000000000000000000004 /* Release */,
			);
			defaultConfigurationIsVisible = 0;
			defaultConfigurationName = Debug;
		};
		700000000000000000000003 /* Build configuration list for PBXNativeTarget "BeyondTattooTests" */ = {
			isa = XCConfigurationList;
			buildConfigurations = (
				800000000000000000000005 /* Debug */,
				800000000000000000000006 /* Release */,
			);
			defaultConfigurationIsVisible = 0;
			defaultConfigurationName = Debug;
		};
		700000000000000000000004 /* Build configuration list for PBXProject "BeyondTattoo" */ = {
			isa = XCConfigurationList;
			buildConfigurations = (
				800000000000000000000007 /* Debug */,
				800000000000000000000008 /* Release */,
			);
			defaultConfigurationIsVisible = 0;
			defaultConfigurationName = Debug;
		};
/* End XCConfigurationList section */
	};
	rootObject = 000000000000000000000001 /* Project object */;
}
